// !$*UTF8*$!
{
	archiveVersion = 1;
	classes = {
	};
	objectVersion = 46;
	objects = {

/* Begin PBXBuildFile section */
		2F84948019BACDB4001347C9 /* Foundation.framework in Frameworks */ = {isa = PBXBuildFile; fileRef = 2F84947F19BACDB4001347C9 /* Foundation.framework */; };
		2F84948219BACDB4001347C9 /* CoreGraphics.framework in Frameworks */ = {isa = PBXBuildFile; fileRef = 2F84948119BACDB4001347C9 /* CoreGraphics.framework */; };
		2F84948419BACDB4001347C9 /* UIKit.framework in Frameworks */ = {isa = PBXBuildFile; fileRef = 2F84948319BACDB4001347C9 /* UIKit.framework */; };
		2F84948A19BACDB4001347C9 /* InfoPlist.strings in Resources */ = {isa = PBXBuildFile; fileRef = 2F84948819BACDB4001347C9 /* InfoPlist.strings */; };
		2F84948C19BACDB4001347C9 /* main.m in Sources */ = {isa = PBXBuildFile; fileRef = 2F84948B19BACDB4001347C9 /* main.m */; };
		2F84949019BACDB4001347C9 /* HSAppDelegate.m in Sources */ = {isa = PBXBuildFile; fileRef = 2F84948F19BACDB4001347C9 /* HSAppDelegate.m */; };
		2F84949319BACDB4001347C9 /* Main.storyboard in Resources */ = {isa = PBXBuildFile; fileRef = 2F84949119BACDB4001347C9 /* Main.storyboard */; };
		2F84949619BACDB4001347C9 /* HSViewController.m in Sources */ = {isa = PBXBuildFile; fileRef = 2F84949519BACDB4001347C9 /* HSViewController.m */; };
		2F84949819BACDB4001347C9 /* Images.xcassets in Resources */ = {isa = PBXBuildFile; fileRef = 2F84949719BACDB4001347C9 /* Images.xcassets */; };
		2F84949F19BACDB4001347C9 /* XCTest.framework in Frameworks */ = {isa = PBXBuildFile; fileRef = 2F84949E19BACDB4001347C9 /* XCTest.framework */; };
		2F8494A019BACDB4001347C9 /* Foundation.framework in Frameworks */ = {isa = PBXBuildFile; fileRef = 2F84947F19BACDB4001347C9 /* Foundation.framework */; };
		2F8494A119BACDB4001347C9 /* UIKit.framework in Frameworks */ = {isa = PBXBuildFile; fileRef = 2F84948319BACDB4001347C9 /* UIKit.framework */; };
		2F8494A919BACDB4001347C9 /* InfoPlist.strings in Resources */ = {isa = PBXBuildFile; fileRef = 2F8494A719BACDB4001347C9 /* InfoPlist.strings */; };
		2F8494AB19BACDB4001347C9 /* GooberTests.m in Sources */ = {isa = PBXBuildFile; fileRef = 2F8494AA19BACDB4001347C9 /* GooberTests.m */; };
		2F8494B619BAD141001347C9 /* HSLoginViewController.m in Sources */ = {isa = PBXBuildFile; fileRef = 2F8494B519BAD141001347C9 /* HSLoginViewController.m */; };
		2F8494C419BADA2E001347C9 /* HSUberApplication.m in Sources */ = {isa = PBXBuildFile; fileRef = 2F8494C319BADA2E001347C9 /* HSUberApplication.m */; };
		2F8494C819BADA62001347C9 /* HSUberAuthorizationViewController.m in Sources */ = {isa = PBXBuildFile; fileRef = 2F8494C719BADA62001347C9 /* HSUberAuthorizationViewController.m */; };
		2F8494CB19BADAB0001347C9 /* HSUberHttpClient.m in Sources */ = {isa = PBXBuildFile; fileRef = 2F8494CA19BADAB0001347C9 /* HSUberHttpClient.m */; };
		2F8494CF19BADB39001347C9 /* NSString+HSEncode.m in Sources */ = {isa = PBXBuildFile; fileRef = 2F8494CE19BADB39001347C9 /* NSString+HSEncode.m */; };
		2F8494D219BB017D001347C9 /* HSMainViewController.m in Sources */ = {isa = PBXBuildFile; fileRef = 2F8494D119BB017D001347C9 /* HSMainViewController.m */; };
		2F8494D419BB0627001347C9 /* MapKit.framework in Frameworks */ = {isa = PBXBuildFile; fileRef = 2F8494D319BB0627001347C9 /* MapKit.framework */; };
		2F8494D719BB0F1E001347C9 /* HSTableViewController.m in Sources */ = {isa = PBXBuildFile; fileRef = 2F8494D619BB0F1E001347C9 /* HSTableViewController.m */; };
		2F8494DA19BB219B001347C9 /* HSVenue.m in Sources */ = {isa = PBXBuildFile; fileRef = 2F8494D919BB219B001347C9 /* HSVenue.m */; };
		2F8494DE19BB402E001347C9 /* HSTableViewCell.m in Sources */ = {isa = PBXBuildFile; fileRef = 2F8494DD19BB402E001347C9 /* HSTableViewCell.m */; };
		350055DEC52A47DDA6DF5349 /* libPods-Goober.a in Frameworks */ = {isa = PBXBuildFile; fileRef = BC7C5753E6574FC0A7E83331 /* libPods-Goober.a */; };
/* End PBXBuildFile section */

/* Begin PBXContainerItemProxy section */
		2F8494A219BACDB4001347C9 /* PBXContainerItemProxy */ = {
			isa = PBXContainerItemProxy;
			containerPortal = 2F84947419BACDB4001347C9 /* Project object */;
			proxyType = 1;
			remoteGlobalIDString = 2F84947B19BACDB4001347C9;
			remoteInfo = Goober;
		};
/* End PBXContainerItemProxy section */

/* Begin PBXFileReference section */
		1894AE3339DC4F1B824B17A0 /* Pods-Goober.xcconfig */ = {isa = PBXFileReference; includeInIndex = 1; lastKnownFileType = text.xcconfig; name = "Pods-Goober.xcconfig"; path = "Pods/Pods-Goober.xcconfig"; sourceTree = "<group>"; };
		2F84947C19BACDB4001347C9 /* Goober.app */ = {isa = PBXFileReference; explicitFileType = wrapper.application; includeInIndex = 0; path = Goober.app; sourceTree = BUILT_PRODUCTS_DIR; };
		2F84947F19BACDB4001347C9 /* Foundation.framework */ = {isa = PBXFileReference; lastKnownFileType = wrapper.framework; name = Foundation.framework; path = System/Library/Frameworks/Foundation.framework; sourceTree = SDKROOT; };
		2F84948119BACDB4001347C9 /* CoreGraphics.framework */ = {isa = PBXFileReference; lastKnownFileType = wrapper.framework; name = CoreGraphics.framework; path = System/Library/Frameworks/CoreGraphics.framework; sourceTree = SDKROOT; };
		2F84948319BACDB4001347C9 /* UIKit.framework */ = {isa = PBXFileReference; lastKnownFileType = wrapper.framework; name = UIKit.framework; path = System/Library/Frameworks/UIKit.framework; sourceTree = SDKROOT; };
		2F84948719BACDB4001347C9 /* Goober-Info.plist */ = {isa = PBXFileReference; lastKnownFileType = text.plist.xml; path = "Goober-Info.plist"; sourceTree = "<group>"; };
		2F84948919BACDB4001347C9 /* en */ = {isa = PBXFileReference; lastKnownFileType = text.plist.strings; name = en; path = en.lproj/InfoPlist.strings; sourceTree = "<group>"; };
		2F84948B19BACDB4001347C9 /* main.m */ = {isa = PBXFileReference; lastKnownFileType = sourcecode.c.objc; path = main.m; sourceTree = "<group>"; };
		2F84948D19BACDB4001347C9 /* Goober-Prefix.pch */ = {isa = PBXFileReference; lastKnownFileType = sourcecode.c.h; path = "Goober-Prefix.pch"; sourceTree = "<group>"; };
		2F84948E19BACDB4001347C9 /* HSAppDelegate.h */ = {isa = PBXFileReference; lastKnownFileType = sourcecode.c.h; path = HSAppDelegate.h; sourceTree = "<group>"; };
		2F84948F19BACDB4001347C9 /* HSAppDelegate.m */ = {isa = PBXFileReference; lastKnownFileType = sourcecode.c.objc; path = HSAppDelegate.m; sourceTree = "<group>"; };
		2F84949219BACDB4001347C9 /* Base */ = {isa = PBXFileReference; lastKnownFileType = file.storyboard; name = Base; path = Base.lproj/Main.storyboard; sourceTree = "<group>"; };
		2F84949419BACDB4001347C9 /* HSViewController.h */ = {isa = PBXFileReference; lastKnownFileType = sourcecode.c.h; path = HSViewController.h; sourceTree = "<group>"; };
		2F84949519BACDB4001347C9 /* HSViewController.m */ = {isa = PBXFileReference; lastKnownFileType = sourcecode.c.objc; path = HSViewController.m; sourceTree = "<group>"; };
		2F84949719BACDB4001347C9 /* Images.xcassets */ = {isa = PBXFileReference; lastKnownFileType = folder.assetcatalog; path = Images.xcassets; sourceTree = "<group>"; };
		2F84949D19BACDB4001347C9 /* GooberTests.xctest */ = {isa = PBXFileReference; explicitFileType = wrapper.cfbundle; includeInIndex = 0; path = GooberTests.xctest; sourceTree = BUILT_PRODUCTS_DIR; };
		2F84949E19BACDB4001347C9 /* XCTest.framework */ = {isa = PBXFileReference; lastKnownFileType = wrapper.framework; name = XCTest.framework; path = Library/Frameworks/XCTest.framework; sourceTree = DEVELOPER_DIR; };
		2F8494A619BACDB4001347C9 /* GooberTests-Info.plist */ = {isa = PBXFileReference; lastKnownFileType = text.plist.xml; path = "GooberTests-Info.plist"; sourceTree = "<group>"; };
		2F8494A819BACDB4001347C9 /* en */ = {isa = PBXFileReference; lastKnownFileType = text.plist.strings; name = en; path = en.lproj/InfoPlist.strings; sourceTree = "<group>"; };
		2F8494AA19BACDB4001347C9 /* GooberTests.m */ = {isa = PBXFileReference; lastKnownFileType = sourcecode.c.objc; path = GooberTests.m; sourceTree = "<group>"; };
		2F8494B419BAD141001347C9 /* HSLoginViewController.h */ = {isa = PBXFileReference; fileEncoding = 4; lastKnownFileType = sourcecode.c.h; path = HSLoginViewController.h; sourceTree = "<group>"; };
		2F8494B519BAD141001347C9 /* HSLoginViewController.m */ = {isa = PBXFileReference; fileEncoding = 4; lastKnownFileType = sourcecode.c.objc; path = HSLoginViewController.m; sourceTree = "<group>"; };
		2F8494BF19BAD8A6001347C9 /* Macros.h */ = {isa = PBXFileReference; lastKnownFileType = sourcecode.c.h; path = Macros.h; sourceTree = "<group>"; };
		2F8494C119BAD8EE001347C9 /* Constants.h */ = {isa = PBXFileReference; lastKnownFileType = sourcecode.c.h; path = Constants.h; sourceTree = "<group>"; };
		2F8494C219BADA2E001347C9 /* HSUberApplication.h */ = {isa = PBXFileReference; fileEncoding = 4; lastKnownFileType = sourcecode.c.h; path = HSUberApplication.h; sourceTree = "<group>"; };
		2F8494C319BADA2E001347C9 /* HSUberApplication.m */ = {isa = PBXFileReference; fileEncoding = 4; lastKnownFileType = sourcecode.c.objc; path = HSUberApplication.m; sourceTree = "<group>"; };
		2F8494C619BADA62001347C9 /* HSUberAuthorizationViewController.h */ = {isa = PBXFileReference; fileEncoding = 4; lastKnownFileType = sourcecode.c.h; path = HSUberAuthorizationViewController.h; sourceTree = "<group>"; };
		2F8494C719BADA62001347C9 /* HSUberAuthorizationViewController.m */ = {isa = PBXFileReference; fileEncoding = 4; lastKnownFileType = sourcecode.c.objc; path = HSUberAuthorizationViewController.m; sourceTree = "<group>"; };
		2F8494C919BADAB0001347C9 /* HSUberHttpClient.h */ = {isa = PBXFileReference; fileEncoding = 4; lastKnownFileType = sourcecode.c.h; path = HSUberHttpClient.h; sourceTree = "<group>"; };
		2F8494CA19BADAB0001347C9 /* HSUberHttpClient.m */ = {isa = PBXFileReference; fileEncoding = 4; lastKnownFileType = sourcecode.c.objc; path = HSUberHttpClient.m; sourceTree = "<group>"; };
		2F8494CC19BADACC001347C9 /* HSMacros.h */ = {isa = PBXFileReference; lastKnownFileType = sourcecode.c.h; path = HSMacros.h; sourceTree = "<group>"; };
		2F8494CD19BADB39001347C9 /* NSString+HSEncode.h */ = {isa = PBXFileReference; fileEncoding = 4; lastKnownFileType = sourcecode.c.h; path = "NSString+HSEncode.h"; sourceTree = "<group>"; };
		2F8494CE19BADB39001347C9 /* NSString+HSEncode.m */ = {isa = PBXFileReference; fileEncoding = 4; lastKnownFileType = sourcecode.c.objc; path = "NSString+HSEncode.m"; sourceTree = "<group>"; };
		2F8494D019BB017D001347C9 /* HSMainViewController.h */ = {isa = PBXFileReference; fileEncoding = 4; lastKnownFileType = sourcecode.c.h; path = HSMainViewController.h; sourceTree = "<group>"; };
		2F8494D119BB017D001347C9 /* HSMainViewController.m */ = {isa = PBXFileReference; fileEncoding = 4; lastKnownFileType = sourcecode.c.objc; path = HSMainViewController.m; sourceTree = "<group>"; };
		2F8494D319BB0627001347C9 /* MapKit.framework */ = {isa = PBXFileReference; lastKnownFileType = wrapper.framework; name = MapKit.framework; path = System/Library/Frameworks/MapKit.framework; sourceTree = SDKROOT; };
		2F8494D519BB0F1E001347C9 /* HSTableViewController.h */ = {isa = PBXFileReference; fileEncoding = 4; lastKnownFileType = sourcecode.c.h; path = HSTableViewController.h; sourceTree = "<group>"; };
		2F8494D619BB0F1E001347C9 /* HSTableViewController.m */ = {isa = PBXFileReference; fileEncoding = 4; lastKnownFileType = sourcecode.c.objc; path = HSTableViewController.m; sourceTree = "<group>"; };
		2F8494D819BB219B001347C9 /* HSVenue.h */ = {isa = PBXFileReference; fileEncoding = 4; lastKnownFileType = sourcecode.c.h; path = HSVenue.h; sourceTree = "<group>"; };
		2F8494D919BB219B001347C9 /* HSVenue.m */ = {isa = PBXFileReference; fileEncoding = 4; lastKnownFileType = sourcecode.c.objc; path = HSVenue.m; sourceTree = "<group>"; };
		2F8494DC19BB402E001347C9 /* HSTableViewCell.h */ = {isa = PBXFileReference; fileEncoding = 4; lastKnownFileType = sourcecode.c.h; path = HSTableViewCell.h; sourceTree = "<group>"; };
		2F8494DD19BB402E001347C9 /* HSTableViewCell.m */ = {isa = PBXFileReference; fileEncoding = 4; lastKnownFileType = sourcecode.c.objc; path = HSTableViewCell.m; sourceTree = "<group>"; };
		BC7C5753E6574FC0A7E83331 /* libPods-Goober.a */ = {isa = PBXFileReference; explicitFileType = archive.ar; includeInIndex = 0; path = "libPods-Goober.a"; sourceTree = BUILT_PRODUCTS_DIR; };
/* End PBXFileReference section */

/* Begin PBXFrameworksBuildPhase section */
		2F84947919BACDB4001347C9 /* Frameworks */ = {
			isa = PBXFrameworksBuildPhase;
			buildActionMask = 2147483647;
			files = (
				2F8494D419BB0627001347C9 /* MapKit.framework in Frameworks */,
				2F84948219BACDB4001347C9 /* CoreGraphics.framework in Frameworks */,
				2F84948419BACDB4001347C9 /* UIKit.framework in Frameworks */,
				2F84948019BACDB4001347C9 /* Foundation.framework in Frameworks */,
				350055DEC52A47DDA6DF5349 /* libPods-Goober.a in Frameworks */,
			);
			runOnlyForDeploymentPostprocessing = 0;
		};
		2F84949A19BACDB4001347C9 /* Frameworks */ = {
			isa = PBXFrameworksBuildPhase;
			buildActionMask = 2147483647;
			files = (
				2F84949F19BACDB4001347C9 /* XCTest.framework in Frameworks */,
				2F8494A119BACDB4001347C9 /* UIKit.framework in Frameworks */,
				2F8494A019BACDB4001347C9 /* Foundation.framework in Frameworks */,
			);
			runOnlyForDeploymentPostprocessing = 0;
		};
/* End PBXFrameworksBuildPhase section */

/* Begin PBXGroup section */
		2F84947319BACDB4001347C9 = {
			isa = PBXGroup;
			children = (
				2F84948519BACDB4001347C9 /* Goober */,
				2F8494A419BACDB4001347C9 /* GooberTests */,
				2F84947E19BACDB4001347C9 /* Frameworks */,
				2F84947D19BACDB4001347C9 /* Products */,
				1894AE3339DC4F1B824B17A0 /* Pods-Goober.xcconfig */,
			);
			sourceTree = "<group>";
		};
		2F84947D19BACDB4001347C9 /* Products */ = {
			isa = PBXGroup;
			children = (
				2F84947C19BACDB4001347C9 /* Goober.app */,
				2F84949D19BACDB4001347C9 /* GooberTests.xctest */,
			);
			name = Products;
			sourceTree = "<group>";
		};
		2F84947E19BACDB4001347C9 /* Frameworks */ = {
			isa = PBXGroup;
			children = (
				2F8494D319BB0627001347C9 /* MapKit.framework */,
				2F84947F19BACDB4001347C9 /* Foundation.framework */,
				2F84948119BACDB4001347C9 /* CoreGraphics.framework */,
				2F84948319BACDB4001347C9 /* UIKit.framework */,
				2F84949E19BACDB4001347C9 /* XCTest.framework */,
				BC7C5753E6574FC0A7E83331 /* libPods-Goober.a */,
			);
			name = Frameworks;
			sourceTree = "<group>";
		};
		2F84948519BACDB4001347C9 /* Goober */ = {
			isa = PBXGroup;
			children = (
				2F84948E19BACDB4001347C9 /* HSAppDelegate.h */,
				2F84948F19BACDB4001347C9 /* HSAppDelegate.m */,
				2F84949119BACDB4001347C9 /* Main.storyboard */,
				2F8494DB19BB400F001347C9 /* Models */,
				2F8494DF19BB4039001347C9 /* View */,
				2F8494B719BAD14B001347C9 /* Controllers */,
				2F84949419BACDB4001347C9 /* HSViewController.h */,
				2F84949519BACDB4001347C9 /* HSViewController.m */,
				2F8494C519BADA32001347C9 /* UberAPI */,
				2F8494C019BAD8AD001347C9 /* Common */,
				2F84949719BACDB4001347C9 /* Images.xcassets */,
				2F84948619BACDB4001347C9 /* Supporting Files */,
			);
			path = Goober;
			sourceTree = "<group>";
		};
		2F84948619BACDB4001347C9 /* Supporting Files */ = {
			isa = PBXGroup;
			children = (
				2F84948719BACDB4001347C9 /* Goober-Info.plist */,
				2F84948819BACDB4001347C9 /* InfoPlist.strings */,
				2F84948B19BACDB4001347C9 /* main.m */,
				2F84948D19BACDB4001347C9 /* Goober-Prefix.pch */,
			);
			name = "Supporting Files";
			sourceTree = "<group>";
		};
		2F8494A419BACDB4001347C9 /* GooberTests */ = {
			isa = PBXGroup;
			children = (
				2F8494AA19BACDB4001347C9 /* GooberTests.m */,
				2F8494A519BACDB4001347C9 /* Supporting Files */,
			);
			path = GooberTests;
			sourceTree = "<group>";
		};
		2F8494A519BACDB4001347C9 /* Supporting Files */ = {
			isa = PBXGroup;
			children = (
				2F8494A619BACDB4001347C9 /* GooberTests-Info.plist */,
				2F8494A719BACDB4001347C9 /* InfoPlist.strings */,
			);
			name = "Supporting Files";
			sourceTree = "<group>";
		};
		2F8494B719BAD14B001347C9 /* Controllers */ = {
			isa = PBXGroup;
			children = (
				2F8494B419BAD141001347C9 /* HSLoginViewController.h */,
				2F8494B519BAD141001347C9 /* HSLoginViewController.m */,
				2F8494D019BB017D001347C9 /* HSMainViewController.h */,
				2F8494D119BB017D001347C9 /* HSMainViewController.m */,
				2F8494D519BB0F1E001347C9 /* HSTableViewController.h */,
				2F8494D619BB0F1E001347C9 /* HSTableViewController.m */,
			);
			name = Controllers;
			sourceTree = "<group>";
		};
		2F8494C019BAD8AD001347C9 /* Common */ = {
			isa = PBXGroup;
			children = (
				2F8494BF19BAD8A6001347C9 /* Macros.h */,
				2F8494C119BAD8EE001347C9 /* Constants.h */,
			);
			name = Common;
			sourceTree = "<group>";
		};
		2F8494C519BADA32001347C9 /* UberAPI */ = {
			isa = PBXGroup;
			children = (
				2F8494C219BADA2E001347C9 /* HSUberApplication.h */,
				2F8494C319BADA2E001347C9 /* HSUberApplication.m */,
				2F8494C619BADA62001347C9 /* HSUberAuthorizationViewController.h */,
				2F8494C719BADA62001347C9 /* HSUberAuthorizationViewController.m */,
				2F8494C919BADAB0001347C9 /* HSUberHttpClient.h */,
				2F8494CA19BADAB0001347C9 /* HSUberHttpClient.m */,
				2F8494CC19BADACC001347C9 /* HSMacros.h */,
				2F8494CD19BADB39001347C9 /* NSString+HSEncode.h */,
				2F8494CE19BADB39001347C9 /* NSString+HSEncode.m */,
			);
			name = UberAPI;
			sourceTree = "<group>";
		};
		2F8494DB19BB400F001347C9 /* Models */ = {
			isa = PBXGroup;
			children = (
				2F8494D819BB219B001347C9 /* HSVenue.h */,
				2F8494D919BB219B001347C9 /* HSVenue.m */,
			);
			name = Models;
			sourceTree = "<group>";
		};
		2F8494DF19BB4039001347C9 /* View */ = {
			isa = PBXGroup;
			children = (
				2F8494DC19BB402E001347C9 /* HSTableViewCell.h */,
				2F8494DD19BB402E001347C9 /* HSTableViewCell.m */,
			);
			name = View;
			sourceTree = "<group>";
		};
/* End PBXGroup section */

/* Begin PBXNativeTarget section */
		2F84947B19BACDB4001347C9 /* Goober */ = {
			isa = PBXNativeTarget;
			buildConfigurationList = 2F8494AE19BACDB4001347C9 /* Build configuration list for PBXNativeTarget "Goober" */;
			buildPhases = (
				309DB4CF26C74165A223AC07 /* Check Pods Manifest.lock */,
				2F84947819BACDB4001347C9 /* Sources */,
				2F84947919BACDB4001347C9 /* Frameworks */,
				2F84947A19BACDB4001347C9 /* Resources */,
				8CDAB3AF0FC74A17997B8F1D /* Copy Pods Resources */,
			);
			buildRules = (
			);
			dependencies = (
			);
			name = Goober;
			productName = Goober;
			productReference = 2F84947C19BACDB4001347C9 /* Goober.app */;
			productType = "com.apple.product-type.application";
		};
		2F84949C19BACDB4001347C9 /* GooberTests */ = {
			isa = PBXNativeTarget;
			buildConfigurationList = 2F8494B119BACDB4001347C9 /* Build configuration list for PBXNativeTarget "GooberTests" */;
			buildPhases = (
				2F84949919BACDB4001347C9 /* Sources */,
				2F84949A19BACDB4001347C9 /* Frameworks */,
				2F84949B19BACDB4001347C9 /* Resources */,
			);
			buildRules = (
			);
			dependencies = (
				2F8494A319BACDB4001347C9 /* PBXTargetDependency */,
			);
			name = GooberTests;
			productName = GooberTests;
			productReference = 2F84949D19BACDB4001347C9 /* GooberTests.xctest */;
			productType = "com.apple.product-type.bundle.unit-test";
		};
/* End PBXNativeTarget section */

/* Begin PBXProject section */
		2F84947419BACDB4001347C9 /* Project object */ = {
			isa = PBXProject;
			attributes = {
				CLASSPREFIX = HS;
				LastUpgradeCheck = 0510;
				ORGANIZATIONNAME = "Hikari Senju";
				TargetAttributes = {
					2F84949C19BACDB4001347C9 = {
						TestTargetID = 2F84947B19BACDB4001347C9;
					};
				};
			};
			buildConfigurationList = 2F84947719BACDB4001347C9 /* Build configuration list for PBXProject "Goober" */;
			compatibilityVersion = "Xcode 3.2";
			developmentRegion = English;
			hasScannedForEncodings = 0;
			knownRegions = (
				en,
				Base,
			);
			mainGroup = 2F84947319BACDB4001347C9;
			productRefGroup = 2F84947D19BACDB4001347C9 /* Products */;
			projectDirPath = "";
			projectRoot = "";
			targets = (
				2F84947B19BACDB4001347C9 /* Goober */,
				2F84949C19BACDB4001347C9 /* GooberTests */,
			);
		};
/* End PBXProject section */

/* Begin PBXResourcesBuildPhase section */
		2F84947A19BACDB4001347C9 /* Resources */ = {
			isa = PBXResourcesBuildPhase;
			buildActionMask = 2147483647;
			files = (
				2F84949819BACDB4001347C9 /* Images.xcassets in Resources */,
				2F84948A19BACDB4001347C9 /* InfoPlist.strings in Resources */,
				2F84949319BACDB4001347C9 /* Main.storyboard in Resources */,
			);
			runOnlyForDeploymentPostprocessing = 0;
		};
		2F84949B19BACDB4001347C9 /* Resources */ = {
			isa = PBXResourcesBuildPhase;
			buildActionMask = 2147483647;
			files = (
				2F8494A919BACDB4001347C9 /* InfoPlist.strings in Resources */,
			);
			runOnlyForDeploymentPostprocessing = 0;
		};
/* End PBXResourcesBuildPhase section */

/* Begin PBXShellScriptBuildPhase section */
		309DB4CF26C74165A223AC07 /* Check Pods Manifest.lock */ = {
			isa = PBXShellScriptBuildPhase;
			buildActionMask = 2147483647;
			files = (
			);
			inputPaths = (
			);
			name = "Check Pods Manifest.lock";
			outputPaths = (
			);
			runOnlyForDeploymentPostprocessing = 0;
			shellPath = /bin/sh;
			shellScript = "diff \"${PODS_ROOT}/../Podfile.lock\" \"${PODS_ROOT}/Manifest.lock\" > /dev/null\nif [[ $? != 0 ]] ; then\n    cat << EOM\nerror: The sandbox is not in sync with the Podfile.lock. Run 'pod install' or update your CocoaPods installation.\nEOM\n    exit 1\nfi\n";
			showEnvVarsInLog = 0;
		};
		8CDAB3AF0FC74A17997B8F1D /* Copy Pods Resources */ = {
			isa = PBXShellScriptBuildPhase;
			buildActionMask = 2147483647;
			files = (
			);
			inputPaths = (
			);
			name = "Copy Pods Resources";
			outputPaths = (
			);
			runOnlyForDeploymentPostprocessing = 0;
			shellPath = /bin/sh;
			shellScript = "\"${SRCROOT}/Pods/Pods-Goober-resources.sh\"\n";
			showEnvVarsInLog = 0;
		};
/* End PBXShellScriptBuildPhase section */

/* Begin PBXSourcesBuildPhase section */
		2F84947819BACDB4001347C9 /* Sources */ = {
			isa = PBXSourcesBuildPhase;
			buildActionMask = 2147483647;
			files = (
				2F8494DA19BB219B001347C9 /* HSVenue.m in Sources */,
				2F8494D219BB017D001347C9 /* HSMainViewController.m in Sources */,
				2F84949619BACDB4001347C9 /* HSViewController.m in Sources */,
				2F8494CF19BADB39001347C9 /* NSString+HSEncode.m in Sources */,
				2F8494B619BAD141001347C9 /* HSLoginViewController.m in Sources */,
				2F84948C19BACDB4001347C9 /* main.m in Sources */,
				2F84949019BACDB4001347C9 /* HSAppDelegate.m in Sources */,
				2F8494CB19BADAB0001347C9 /* HSUberHttpClient.m in Sources */,
				2F8494D719BB0F1E001347C9 /* HSTableViewController.m in Sources */,
				2F8494C419BADA2E001347C9 /* HSUberApplication.m in Sources */,
				2F8494DE19BB402E001347C9 /* HSTableViewCell.m in Sources */,
				2F8494C819BADA62001347C9 /* HSUberAuthorizationViewController.m in Sources */,
			);
			runOnlyForDeploymentPostprocessing = 0;
		};
		2F84949919BACDB4001347C9 /* Sources */ = {
			isa = PBXSourcesBuildPhase;
			buildActionMask = 2147483647;
			files = (
				2F8494AB19BACDB4001347C9 /* GooberTests.m in Sources */,
			);
			runOnlyForDeploymentPostprocessing = 0;
		};
/* End PBXSourcesBuildPhase section */

/* Begin PBXTargetDependency section */
		2F8494A319BACDB4001347C9 /* PBXTargetDependency */ = {
			isa = PBXTargetDependency;
			target = 2F84947B19BACDB4001347C9 /* Goober */;
			targetProxy = 2F8494A219BACDB4001347C9 /* PBXContainerItemProxy */;
		};
/* End PBXTargetDependency section */

/* Begin PBXVariantGroup section */
		2F84948819BACDB4001347C9 /* InfoPlist.strings */ = {
			isa = PBXVariantGroup;
			children = (
				2F84948919BACDB4001347C9 /* en */,
			);
			name = InfoPlist.strings;
			sourceTree = "<group>";
		};
		2F84949119BACDB4001347C9 /* Main.storyboard */ = {
			isa = PBXVariantGroup;
			children = (
				2F84949219BACDB4001347C9 /* Base */,
			);
			name = Main.storyboard;
			sourceTree = "<group>";
		};
		2F8494A719BACDB4001347C9 /* InfoPlist.strings */ = {
			isa = PBXVariantGroup;
			children = (
				2F8494A819BACDB4001347C9 /* en */,
			);
			name = InfoPlist.strings;
			sourceTree = "<group>";
		};
/* End PBXVariantGroup section */

/* Begin XCBuildConfiguration section */
		2F8494AC19BACDB4001347C9 /* Debug */ = {
			isa = XCBuildConfiguration;
			buildSettings = {
				ALWAYS_SEARCH_USER_PATHS = NO;
				CLANG_CXX_LANGUAGE_STANDARD = "gnu++0x";
				CLANG_CXX_LIBRARY = "libc++";
				CLANG_ENABLE_MODULES = YES;
				CLANG_ENABLE_OBJC_ARC = YES;
				CLANG_WARN_BOOL_CONVERSION = YES;
				CLANG_WARN_CONSTANT_CONVERSION = YES;
				CLANG_WARN_DIRECT_OBJC_ISA_USAGE = YES_ERROR;
				CLANG_WARN_EMPTY_BODY = YES;
				CLANG_WARN_ENUM_CONVERSION = YES;
				CLANG_WARN_INT_CONVERSION = YES;
				CLANG_WARN_OBJC_ROOT_CLASS = YES_ERROR;
				CLANG_WARN__DUPLICATE_METHOD_MATCH = YES;
				"CODE_SIGN_IDENTITY[sdk=iphoneos*]" = "iPhone Developer";
				COPY_PHASE_STRIP = NO;
				GCC_C_LANGUAGE_STANDARD = gnu99;
				GCC_DYNAMIC_NO_PIC = NO;
				GCC_OPTIMIZATION_LEVEL = 0;
				GCC_PREPROCESSOR_DEFINITIONS = (
					"DEBUG=1",
					"$(inherited)",
				);
				GCC_SYMBOLS_PRIVATE_EXTERN = NO;
				GCC_WARN_64_TO_32_BIT_CONVERSION = YES;
				GCC_WARN_ABOUT_RETURN_TYPE = YES_ERROR;
				GCC_WARN_UNDECLARED_SELECTOR = YES;
				GCC_WARN_UNINITIALIZED_AUTOS = YES_AGGRESSIVE;
				GCC_WARN_UNUSED_FUNCTION = YES;
				GCC_WARN_UNUSED_VARIABLE = YES;
				IPHONEOS_DEPLOYMENT_TARGET = 7.1;
				ONLY_ACTIVE_ARCH = YES;
				SDKROOT = iphoneos;
			};
			name = Debug;
		};
		2F8494AD19BACDB4001347C9 /* Release */ = {
			isa = XCBuildConfiguration;
			buildSettings = {
				ALWAYS_SEARCH_USER_PATHS = NO;
				CLANG_CXX_LANGUAGE_STANDARD = "gnu++0x";
				CLANG_CXX_LIBRARY = "libc++";
				CLANG_ENABLE_MODULES = YES;
				CLANG_ENABLE_OBJC_ARC = YES;
				CLANG_WARN_BOOL_CONVERSION = YES;
				CLANG_WARN_CONSTANT_CONVERSION = YES;
				CLANG_WARN_DIRECT_OBJC_ISA_USAGE = YES_ERROR;
				CLANG_WARN_EMPTY_BODY = YES;
				CLANG_WARN_ENUM_CONVERSION = YES;
				CLANG_WARN_INT_CONVERSION = YES;
				CLANG_WARN_OBJC_ROOT_CLASS = YES_ERROR;
				CLANG_WARN__DUPLICATE_METHOD_MATCH = YES;
				"CODE_SIGN_IDENTITY[sdk=iphoneos*]" = "iPhone Developer";
				COPY_PHASE_STRIP = YES;
				ENABLE_NS_ASSERTIONS = NO;
				GCC_C_LANGUAGE_STANDARD = gnu99;
				GCC_WARN_64_TO_32_BIT_CONVERSION = YES;
				GCC_WARN_ABOUT_RETURN_TYPE = YES_ERROR;
				GCC_WARN_UNDECLARED_SELECTOR = YES;
				GCC_WARN_UNINITIALIZED_AUTOS = YES_AGGRESSIVE;
				GCC_WARN_UNUSED_FUNCTION = YES;
				GCC_WARN_UNUSED_VARIABLE = YES;
				IPHONEOS_DEPLOYMENT_TARGET = 7.1;
				SDKROOT = iphoneos;
				VALIDATE_PRODUCT = YES;
			};
			name = Release;
		};
		2F8494AF19BACDB4001347C9 /* Debug */ = {
			isa = XCBuildConfiguration;
			baseConfigurationReference = 1894AE3339DC4F1B824B17A0 /* Pods-Goober.xcconfig */;
			buildSettings = {
				ASSETCATALOG_COMPILER_APPICON_NAME = AppIcon;
				ASSETCATALOG_COMPILER_LAUNCHIMAGE_NAME = LaunchImage;
				GCC_PRECOMPILE_PREFIX_HEADER = YES;
				GCC_PREFIX_HEADER = "Goober/Goober-Prefix.pch";
				INFOPLIST_FILE = "Goober/Goober-Info.plist";
				PRODUCT_NAME = "$(TARGET_NAME)";
				WRAPPER_EXTENSION = app;
			};
			name = Debug;
		};
		2F8494B019BACDB4001347C9 /* Release */ = {
			isa = XCBuildConfiguration;
			baseConfigurationReference = 1894AE3339DC4F1B824B17A0 /* Pods-Goober.xcconfig */;
			buildSettings = {
				ASSETCATALOG_COMPILER_APPICON_NAME = AppIcon;
				ASSETCATALOG_COMPILER_LAUNCHIMAGE_NAME = LaunchImage;
				GCC_PRECOMPILE_PREFIX_HEADER = YES;
				GCC_PREFIX_HEADER = "Goober/Goober-Prefix.pch";
				INFOPLIST_FILE = "Goober/Goober-Info.plist";
				PRODUCT_NAME = "$(TARGET_NAME)";
				WRAPPER_EXTENSION = app;
			};
			name = Release;
		};
		2F8494B219BACDB4001347C9 /* Debug */ = {
			isa = XCBuildConfiguration;
			buildSettings = {
				BUNDLE_LOADER = "$(BUILT_PRODUCTS_DIR)/Goober.app/Goober";
				FRAMEWORK_SEARCH_PATHS = (
					"$(SDKROOT)/Developer/Library/Frameworks",
					"$(inherited)",
					"$(DEVELOPER_FRAMEWORKS_DIR)",
				);
				GCC_PRECOMPILE_PREFIX_HEADER = YES;
				GCC_PREFIX_HEADER = "Goober/Goober-Prefix.pch";
				GCC_PREPROCESSOR_DEFINITIONS = (
					"DEBUG=1",
					"$(inherited)",
				);
				INFOPLIST_FILE = "GooberTests/GooberTests-Info.plist";
				PRODUCT_NAME = "$(TARGET_NAME)";
				TEST_HOST = "$(BUNDLE_LOADER)";
				WRAPPER_EXTENSION = xctest;
			};
			name = Debug;
		};
		2F8494B319BACDB4001347C9 /* Release */ = {
			isa = XCBuildConfiguration;
			buildSettings = {
				BUNDLE_LOADER = "$(BUILT_PRODUCTS_DIR)/Goober.app/Goober";
				FRAMEWORK_SEARCH_PATHS = (
					"$(SDKROOT)/Developer/Library/Frameworks",
					"$(inherited)",
					"$(DEVELOPER_FRAMEWORKS_DIR)",
				);
				GCC_PRECOMPILE_PREFIX_HEADER = YES;
				GCC_PREFIX_HEADER = "Goober/Goober-Prefix.pch";
				INFOPLIST_FILE = "GooberTests/GooberTests-Info.plist";
				PRODUCT_NAME = "$(TARGET_NAME)";
				TEST_HOST = "$(BUNDLE_LOADER)";
				WRAPPER_EXTENSION = xctest;
			};
			name = Release;
		};
/* End XCBuildConfiguration section */

/* Begin XCConfigurationList section */
		2F84947719BACDB4001347C9 /* Build configuration list for PBXProject "Goober" */ = {
			isa = XCConfigurationList;
			buildConfigurations = (
				2F8494AC19BACDB4001347C9 /* Debug */,
				2F8494AD19BACDB4001347C9 /* Release */,
			);
			defaultConfigurationIsVisible = 0;
			defaultConfigurationName = Release;
		};
		2F8494AE19BACDB4001347C9 /* Build configuration list for PBXNativeTarget "Goober" */ = {
			isa = XCConfigurationList;
			buildConfigurations = (
				2F8494AF19BACDB4001347C9 /* Debug */,
				2F8494B019BACDB4001347C9 /* Release */,
			);
			defaultConfigurationIsVisible = 0;
			defaultConfigurationName = Release;
		};
		2F8494B119BACDB4001347C9 /* Build configuration list for PBXNativeTarget "GooberTests" */ = {
			isa = XCConfigurationList;
			buildConfigurations = (
				2F8494B219BACDB4001347C9 /* Debug */,
				2F8494B319BACDB4001347C9 /* Release */,
			);
			defaultConfigurationIsVisible = 0;
			defaultConfigurationName = Release;
		};
/* End XCConfigurationList section */
	};
	rootObject = 2F84947419BACDB4001347C9 /* Project object */;
}
